
Microsoft Visual Studio Solution File, Format Version 12.00
# Visual Studio Version 16
VisualStudioVersion = 16.0.29509.3
MinimumVisualStudioVersion = 10.0.40219.1
Project("{FAE04EC0-301F-11D3-BF4B-00C04F79EFBC}") = "AutoMapperTesting", "AutoMapperTesting\AutoMapperTesting.csproj", "{798976DF-5866-4D0F-9839-5F570EE39B1C}"
EndProject
Global
	GlobalSection(SolutionConfigurationPlatforms) = preSolution
		Debug|Any CPU = Debug|Any CPU
		Release|Any CPU = Release|Any CPU
	EndGlobalSection
	GlobalSection(ProjectConfigurationPlatforms) = postSolution
		{798976DF-5866-4D0F-9839-5F570EE39B1C}.Debug|Any CPU.ActiveCfg = Debug|Any CPU
		{798976DF-5866-4D0F-9839-5F570EE39B1C}.Debug|Any CPU.Build.0 = Debug|Any CPU
		{798976DF-5866-4D0F-9839-5F570EE39B1C}.Release|Any CPU.ActiveCfg = Release|Any CPU
		{798976DF-5866-4D0F-9839-5F570EE39B1C}.Release|Any CPU.Build.0 = Release|Any CPU
	EndGlobalSection
	GlobalSection(SolutionProperties) = preSolution
		HideSolutionNode = FALSE
	EndGlobalSection
	GlobalSection(ExtensibilityGlobals) = postSolution
		SolutionGuid = {C33BC4AA-117C-4150-9487-38EC8BB1796F}
	EndGlobalSection
EndGlobal
